// !$*UTF8*$!
{
	archiveVersion = 1;
	classes = {
	};
	objectVersion = 77;
	objects = {

/* Begin PBXContainerItemProxy section */
		7F082139303F451B006328AB /* PBXContainerItemProxy */ = {
			isa = PBXContainerItemProxy;
			containerPortal = 7F082123303F4518006328AB /* Project object */;
			proxyType = 1;
			remoteGlobalIDString = 7F08212A303F4518006328AB;
			remoteInfo = lily;
		};
		7F082143303F451B006328AB /* PBXContainerItemProxy */ = {
			isa = PBXContainerItemProxy;
			containerPortal = 7F082123303F4518006328AB /* Project object */;
			proxyType = 1;
			remoteGlobalIDString = 7F08212A303F4518006328AB;
			remoteInfo = lily;
		};
/* End PBXContainerItemProxy section */

/* Begin PBXFileReference section */
		7F08212B303F4518006328AB /* lily.app */ = {isa = PBXFileReference; explicitFileType = wrapper.application; includeInIndex = 0; path = lily.app; sourceTree = BUILT_PRODUCTS_DIR; };
		7F082138303F451B006328AB /* lilyTests.xctest */ = {isa = PBXFileReference; explicitFileType = wrapper.cfbundle; includeInIndex = 0; path = lilyTests.xctest; sourceTree = BUILT_PRODUCTS_DIR; };
		7F082142303F451B006328AB /* lilyUITests.xctest */ = {isa = PBXFileReference; explicitFileType = wrapper.cfbundle; includeInIndex = 0; path = lilyUITests.xctest; sourceTree = BUILT_PRODUCTS_DIR; };
/* End PBXFileReference section */

/* Begin PBXFileSystemSynchronizedBuildFileExceptionSet section */
		7FC585E1305077FB00095189 /* Exceptions for "lily" folder in "lily" target */ = {
			isa = PBXFileSystemSynchronizedBuildFileExceptionSet;
			membershipExceptions = (
				.git/COMMIT_EDITMSG,
				.git/config,
				.git/description,
				.git/HEAD,
				".git/hooks/applypatch-msg.sample",
				".git/hooks/commit-msg.sample",
				".git/hooks/fsmonitor-watchman.sample",
				".git/hooks/post-update.sample",
				".git/hooks/pre-applypatch.sample",
				".git/hooks/pre-commit.sample",
				".git/hooks/pre-merge-commit.sample",
				".git/hooks/pre-push.sample",
				".git/hooks/pre-rebase.sample",
				".git/hooks/pre-receive.sample",
				".git/hooks/prepare-commit-msg.sample",
				".git/hooks/push-to-checkout.sample",
				.git/hooks/README.sample,
				".git/hooks/sendemail-validate.sample",
				.git/hooks/update.sample,
				.git/index,
				.git/info/exclude,
				.git/logs/HEAD,
				.git/logs/refs/heads/main,
				.git/logs/refs/remotes/origin/main,
				.git/objects/0d/cb6817ee2a4ecf9a98049b7bdb79f34e380123,
				.git/objects/01/5eb0d87203b8a97059d133f80c448d1f1a5168,
				.git/objects/01/874a398a38984be3f6ce3e59aa6892b41916c2,
				.git/objects/01/ebd2f0754bd138e1114a0c76e61a5c1bc1ae0e,
				.git/objects/1c/aefa118787702d75dfbf97a77a1cd0c2737060,
				.git/objects/1c/faf56bc4830bb81cdc819672c950a527be2f4d,
				.git/objects/1d/3960d9b42ed539bb1da26f4a9bfcd86494bc7e,
				.git/objects/1e/7136d63c994c7c24479228be94805cbd85a051,
				.git/objects/1f/f8c5ed670661dd49675848dced05b79c3549e6,
				.git/objects/03/463cda149d383863e094df8ba1a3efd7da8c86,
				.git/objects/03/503fc2fdb3385d59e40563d1274692ba79dc5f,
				.git/objects/3a/33721dda7cf69b67b5012b17e7764a87d8a342,
				.git/objects/3d/4bca3123e34a4bc83ce1ddbb4ab87769151254,
				.git/objects/3d/5398b23ff377714761fcfefd3a4785d3128ffd,
				.git/objects/3e/4170b17d9656768f8dafa3b8b0dc5439d85d6d,
				.git/objects/4c/6932bea519192d6e2c1c41578a8db0d3aea1d5,
				.git/objects/4d/46c3ef093a0a11d675995019bcbce044ce956d,
				.git/objects/4e/65e1e2272dbe673fdb10d7cbc956aa910ce8df,
				.git/objects/4f/657de2131c614c55063a6dd1da1c0ba1bf8d63,
				.git/objects/05/752ab8d89a567221e02ab1a65f50c4e66b3cc7,
				.git/objects/05/e5d4396c4ffdf5071a7972aa446b0e5aeb826b,
				.git/objects/5a/346809c83cf350ba697e7cee5a76cf2d2e9fc4,
				.git/objects/06/713c711f0e6b8a55f6800f1ef42b6c99f5125a,
				.git/objects/07/8eef2bff39ef4d85b2a37e4c9510659d162bbe,
				.git/objects/07/10beef2d005631438c9a40ecd0ad1f9dccd91d,
				.git/objects/7c/889ff98e8c23b4a564a8cc6e4f4d3943f40003,
				.git/objects/7c/d1ba8d520cc2a8cf389ae5f857c1b0326157b9,
				.git/objects/7e/45fa7cdfffb520fb29c3f576fb435499bbafa7,
				.git/objects/7f/0a08853c5cba059290f34c79b003f5f41d3338,
				.git/objects/7f/ed2d5b7c2cb7ba51a366629af7d979addd4a50,
				.git/objects/8a/34ca9f23e16dd5f5ee8c9ced8f74b57e496388,
				.git/objects/8b/16c5424d3a9e846e3a260d1fca51d8a65dde8f,
				.git/objects/8b/ce9fb3a04d30ea477eef18ebd9f0c7b4daa943,
				.git/objects/8d/9759c0256bfe8a954f1aca47a9c857f776d3e2,
				.git/objects/8d/ec5aca440ca8258cbbb67694aae577433d07cd,
				.git/objects/09/0b84db2ff704bcb9bead2f542f7af3ee72732c,
				.git/objects/9c/4988f10119d2e1b53c1f1d1e81948d60734022,
				.git/objects/9d/00847458d4b2348492aa9118c657037b6d26dc,
				.git/objects/9f/46e0a5c427b1ef2a530099ea2d5c05043b1f08,
				.git/objects/10/30ba89dcd2ec6a2e76356b699e0520a353e88a,
				.git/objects/10/416b00446ead6cd4d377f0134997c0aaca2e72,
				.git/objects/13/b21297770276889aa5edde65976dde23298c1d,
				.git/objects/14/ce5c200ea71589d2f7e16ea78dbb71887dbbc0,
				.git/objects/15/1c16f65edbcfc039d29a34e537f632230e0559,
				.git/objects/19/b132d609ff9d1855d5a4c0851bc58a2941687d,
				.git/objects/22/97eb911ac2034912a95feb948084ff0e050dfa,
				.git/objects/23/05880107db52fdcc2a49e2cd1cd14ced699c85,
				.git/objects/24/b02358251b175cd3224f4efa7be7973f82e612,
				.git/objects/26/22fabd1b5880d6b2994c1553910a164e8dbc99,
				.git/objects/27/36a94da8fc2051584aeb6cbc5ac3da0dbe614c,
				.git/objects/29/2b2f5d2d231cd924cc22f18e7fa8d2bbc86626,
				.git/objects/29/77c47f5bfc45b0c2297c1a244146b7df7eff33,
				.git/objects/36/293330a7128cf52cdd10579acc80087694c475,
				.git/objects/38/2442cb68bfd3cb204d14498788c2e8e7851f19,
				.git/objects/38/ed14b7244a83bd90b124f826cc8535255685af,
				.git/objects/41/39b2c75ab064e683498ba302e3719b6918714a,
				.git/objects/43/5ef30c3ad8b8c06e8ac1b1cd4a0f2bc4f4bc02,
				.git/objects/44/589dfb3bb4fdd483a1bc301522eabb1f2106c4,
				.git/objects/45/b4b525dcc79c05c08e71f2966cf8dc4b2fb9d2,
				.git/objects/50/9f04a457d6d0aad06c01cf2f0721c8c4373f3f,
				.git/objects/50/dbb208cf39d066b8ee6167c259cfbe2ea4e8ff,
				.git/objects/51/c6b6f4f6323eb47862c34274285c497aa140e5,
				.git/objects/52/1455d3101d31a289ef57b09bf525d5f2b428b0,
				.git/objects/54/d865f98bdd41b7eadc937a11931281d5147600,
				.git/objects/59/5c71e1022f3eac849caaa8a88ab5b69a325c96,
				.git/objects/59/b683286d6c4528d784b16c542047943ed5baac,
				.git/objects/60/037603f1e139440cfa8b1371916377c471acf8,
				.git/objects/61/0d8c3a65e4aa6d19dd3949756347f7234bc99f,
				.git/objects/61/77f3d84b05ef24c829f3b353e3445b99ed7dbd,
				.git/objects/62/48341a49755051278115af7254c188d3c8ba6f,
				.git/objects/67/6db8d7df42dfc37c9b44ae0c6a1854f928829c,
				.git/objects/69/5d8f510f98b95003e6127a187a0d5b592c7f8c,
				.git/objects/69/f0dcfe430a1b4264af34b43e442d107bc519f4,
				.git/objects/73/c00596a7fca3f3d4bdd64053b69d86745f9e10,
				.git/objects/76/6f16c13ee564496cb1d8412af38e761c58b50e,
				.git/objects/77/eb5c68f182160d89c9989de79f9e9468121b1a,
				.git/objects/77/f6f4db29c5d362feff20d894f260e869e2558b,
				.git/objects/80/c9d46ca84da2bee3c127e7e17818399e5d8164,
				.git/objects/81/21d3e563df90fc62c3e061d7225758eedc69bd,
				.git/objects/81/400464586a09a1ea49759a825486ffd1724c8d,
				.git/objects/82/a1808f124a9f83ce33241774e19250c3aa7009,
				.git/objects/85/d9629a16e34e9bfc34233add7774ba7dac8aee,
				.git/objects/88/cc69835ad0ca7ba8f5b68af912e2276cd92000,
				.git/objects/91/9434a6254f0e9651f402737811be6634a03e9c,
				.git/objects/91/379647245153516cd75734dfd82a3b0efa8c7f,
				.git/objects/92/5a92f5a4735b69ba29952fcfd939448b8f38aa,
				.git/objects/94/22b64462c0c398b69cdbdf06e3a6b04a9392b4,
				.git/objects/95/e26f82449b2009161885e26b60e8ada23536ad,
				.git/objects/98/6bd324c26d854187559f27f8194c8afd1795ac,
				.git/objects/98/7a4c918486dddc2725d8b14e9389b3cfdc6374,
				.git/objects/98/14beabc4549822030b6ff4046a603e788aae33,
				.git/objects/a1/75ea9a20f25fe5f3df8d9438e10f86af803965,
				.git/objects/a1/788904ce65411035135f0b0ae37c013442452d,
				.git/objects/a8/3fa78023169ec25933f5055be1dbc643c07782,
				.git/objects/a9/b5a8632708b787c4d101fdfafe8b61eb92e5de,
				.git/objects/aa/aab9bd112127edf4a08682e2719eed0e3123a8,
				.git/objects/ac/c149eb85363668840db91705a75b919e13fda5,
				.git/objects/ac/c3174b4a9a563ec483e4ee6288045e98459db2,
				.git/objects/af/9772bb8f1fb6b9c48879622630453bb695735e,
				.git/objects/af/013159d226535533703363cd725e2e744a57b5,
				.git/objects/b1/7f41447187da43aec49abca6552e661f608f08,
				.git/objects/b4/4aca15e885d58a28d065b2d8c249ddb0c9cf56,
				.git/objects/b5/4264be8a979974f30a7c1e360d716d2dfc236d,
				.git/objects/b9/13b39ba99ff22767bee6a49d42b3a9ace08213,
				.git/objects/bd/848073b7d375f1c1bd1a65a14d1fa7fad9b022,
				.git/objects/c0/95fd9c19cf5d8b36f2f2695f8a952225fe5b15,
				.git/objects/c0/bf2b94ddb43d9836d2dcc405ba8ad8b4af162c,
				.git/objects/c3/276224250195b5f6110893c08c842e3e9573cc,
				.git/objects/c6/d3e2bcc14c7b531d35fbff647f478970f4463c,
				.git/objects/c7/89b218e0ad90e8bd6c9e912b63d628eab13876,
				.git/objects/c7/c8cd90fdb0379a9ab2fe8f903b4349ef799969,
				.git/objects/c9/e1a58f604be9679c9161c5ad640dea6273394d,
				.git/objects/ca/51cf3bdd401eefb5bf6f2d4a324ba7059ec4ae,
				.git/objects/cf/8a0cf0632664f22662d8cd18c04d31196776dc,
				.git/objects/d1/2416061a1fa441bf48a4191ac85bd47ff698cc,
				.git/objects/d7/3fb02d0fb5fc64c082de26b795077d08ae2a7b,
				.git/objects/d7/c11407112372b39ec7a8bccf259b8518fed138,
				.git/objects/d9/332cafd0c5a94b488c2e50b6c6ba817eb1ccea,
				.git/objects/d9/c19cc17a1d6452956495c8f392c3673f08a9eb,
				.git/objects/db/b233ea9eb064c82ce522ec29b8718a35091dfe,
				.git/objects/db/e9414ae292eb8f7f6f1011ecc584504ff396dd,
				.git/objects/dd/71dfde9364b334ab7ba977f3ca490982be0f65,
				.git/objects/e5/11ebbfd9fe4e96f37750e317fe775dea425a55,
				.git/objects/e5/b1df7937d1e1f2e4e32ecfe93f74cace16b0a8,
				.git/objects/ea/93c9fef43b034090ea05cc038a3fe73fdf164c,
				.git/objects/ea/a3f1608373d9d6c6fc6a69ec1c0c58dc9e116b,
				.git/objects/eb/8789700816459c1e1480e0b34781d9fb78a1ca,
				.git/objects/eb/d4c38f6235b39bd36c784b897c1c6cc8f79553,
				.git/objects/ec/4fb0ac1985bd4f33311d07d2aa0968364ea773,
				.git/objects/f7/c35fe052be79e9f9e36b802b76413d1719d4c1,
				.git/objects/fa/96deaf1aa9540602af1b93654bf1ce4dcbeffe,
				.git/objects/fe/6019c2ab05827b8a61d09b6b72aca629a24be1,
				.git/objects/fe/d92be9330f1047e76515aaf39637b4ac702d22,
				.git/refs/heads/main,
				.git/refs/remotes/origin/main,
			);
			target = 7F08212A303F4518006328AB /* lily */;
		};
/* End PBXFileSystemSynchronizedBuildFileExceptionSet section */

/* Begin PBXFileSystemSynchronizedRootGroup section */
		7F08212D303F4518006328AB /* lily */ = {
			isa = PBXFileSystemSynchronizedRootGroup;
			exceptions = (
				7FC585E1305077FB00095189 /* Exceptions for "lily" folder in "lily" target */,
			);
			path = lily;
			sourceTree = "<group>";
		};
		7F08213B303F451B006328AB /* lilyTests */ = {
			isa = PBXFileSystemSynchronizedRootGroup;
			path = lilyTests;
			sourceTree = "<group>";
		};
		7F082145303F451B006328AB /* lilyUITests */ = {
			isa = PBXFileSystemSynchronizedRootGroup;
			path = lilyUITests;
			sourceTree = "<group>";
		};
/* End PBXFileSystemSynchronizedRootGroup section */

/* Begin PBXFrameworksBuildPhase section */
		7F082128303F4518006328AB /* Frameworks */ = {
			isa = PBXFrameworksBuildPhase;
			buildActionMask = 2147483647;
			files = (
			);
			runOnlyForDeploymentPostprocessing = 0;
		};
		7F082135303F451B006328AB /* Frameworks */ = {
			isa = PBXFrameworksBuildPhase;
			buildActionMask = 2147483647;
			files = (
			);
			runOnlyForDeploymentPostprocessing = 0;
		};
		7F08213F303F451B006328AB /* Frameworks */ = {
			isa = PBXFrameworksBuildPhase;
			buildActionMask = 2147483647;
			files = (
			);
			runOnlyForDeploymentPostprocessing = 0;
		};
/* End PBXFrameworksBuildPhase section */

/* Begin PBXGroup section */
		7F082122303F4518006328AB = {
			isa = PBXGroup;
			children = (
				7F08212D303F4518006328AB /* lily */,
				7F08213B303F451B006328AB /* lilyTests */,
				7F082145303F451B006328AB /* lilyUITests */,
				7F08212C303F4518006328AB /* Products */,
			);
			sourceTree = "<group>";
		};
		7F08212C303F4518006328AB /* Products */ = {
			isa = PBXGroup;
			children = (
				7F08212B303F4518006328AB /* lily.app */,
				7F082138303F451B006328AB /* lilyTests.xctest */,
				7F082142303F451B006328AB /* lilyUITests.xctest */,
			);
			name = Products;
			sourceTree = "<group>";
		};
/* End PBXGroup section */

/* Begin PBXNativeTarget section */
		7F08212A303F4518006328AB /* lily */ = {
			isa = PBXNativeTarget;
			buildConfigurationList = 7F08214C303F451B006328AB /* Build configuration list for PBXNativeTarget "lily" */;
			buildPhases = (
				7F082127303F4518006328AB /* Sources */,
				7F082128303F4518006328AB /* Frameworks */,
				7F082129303F4518006328AB /* Resources */,
			);
			buildRules = (
			);
			dependencies = (
			);
			fileSystemSynchronizedGroups = (
				7F08212D303F4518006328AB /* lily */,
			);
			name = lily;
			packageProductDependencies = (
			);
			productName = lily;
			productReference = 7F08212B303F4518006328AB /* lily.app */;
			productType = "com.apple.product-type.application";
		};
		7F082137303F451B006328AB /* lilyTests */ = {
			isa = PBXNativeTarget;
			buildConfigurationList = 7F08214F303F451B006328AB /* Build configuration list for PBXNativeTarget "lilyTests" */;
			buildPhases = (
				7F082134303F451B006328AB /* Sources */,
				7F082135303F451B006328AB /* Frameworks */,
				7F082136303F451B006328AB /* Resources */,
			);
			buildRules = (
			);
			dependencies = (
				7F08213A303F451B006328AB /* PBXTargetDependency */,
			);
			fileSystemSynchronizedGroups = (
				7F08213B303F451B006328AB /* lilyTests */,
			);
			name = lilyTests;
			packageProductDependencies = (
			);
			productName = lilyTests;
			productReference = 7F082138303F451B006328AB /* lilyTests.xctest */;
			productType = "com.apple.product-type.bundle.unit-test";
		};
		7F082141303F451B006328AB /* lilyUITests */ = {
			isa = PBXNativeTarget;
			buildConfigurationList = 7F082152303F451B006328AB /* Build configuration list for PBXNativeTarget "lilyUITests" */;
			buildPhases = (
				7F08213E303F451B006328AB /* Sources */,
				7F08213F303F451B006328AB /* Frameworks */,
				7F082140303F451B006328AB /* Resources */,
			);
			buildRules = (
			);
			dependencies = (
				7F082144303F451B006328AB /* PBXTargetDependency */,
			);
			fileSystemSynchronizedGroups = (
				7F082145303F451B006328AB /* lilyUITests */,
			);
			name = lilyUITests;
			packageProductDependencies = (
			);
			productName = lilyUITests;
			productReference = 7F082142303F451B006328AB /* lilyUITests.xctest */;
			productType = "com.apple.product-type.bundle.ui-testing";
		};
/* End PBXNativeTarget section */

/* Begin PBXProject section */
		7F082123303F4518006328AB /* Project object */ = {
			isa = PBXProject;
			attributes = {
				BuildIndependentTargetsInParallel = 1;
				LastSwiftUpdateCheck = 2660;
				LastUpgradeCheck = 2660;
				TargetAttributes = {
					7F08212A303F4518006328AB = {
						CreatedOnToolsVersion = 26.6;
					};
					7F082137303F451B006328AB = {
						CreatedOnToolsVersion = 26.6;
						TestTargetID = 7F08212A303F4518006328AB;
					};
					7F082141303F451B006328AB = {
						CreatedOnToolsVersion = 26.6;
						TestTargetID = 7F08212A303F4518006328AB;
					};
				};
			};
			buildConfigurationList = 7F082126303F4518006328AB /* Build configuration list for PBXProject "lily" */;
			developmentRegion = en;
			hasScannedForEncodings = 0;
			knownRegions = (
				en,
				Base,
			);
			mainGroup = 7F082122303F4518006328AB;
			minimizedProjectReferenceProxies = 1;
			preferredProjectObjectVersion = 77;
			productRefGroup = 7F08212C303F4518006328AB /* Products */;
			projectDirPath = "";
			projectRoot = "";
			targets = (
				7F08212A303F4518006328AB /* lily */,
				7F082137303F451B006328AB /* lilyTests */,
				7F082141303F451B006328AB /* lilyUITests */,
			);
		};
/* End PBXProject section */

/* Begin PBXResourcesBuildPhase section */
		7F082129303F4518006328AB /* Resources */ = {
			isa = PBXResourcesBuildPhase;
			buildActionMask = 2147483647;
			files = (
			);
			runOnlyForDeploymentPostprocessing = 0;
		};
		7F082136303F451B006328AB /* Resources */ = {
			isa = PBXResourcesBuildPhase;
			buildActionMask = 2147483647;
			files = (
			);
			runOnlyForDeploymentPostprocessing = 0;
		};
		7F082140303F451B006328AB /* Resources */ = {
			isa = PBXResourcesBuildPhase;
			buildActionMask = 2147483647;
			files = (
			);
			runOnlyForDeploymentPostprocessing = 0;
		};
/* End PBXResourcesBuildPhase section */

/* Begin PBXSourcesBuildPhase section */
		7F082127303F4518006328AB /* Sources */ = {
			isa = PBXSourcesBuildPhase;
			buildActionMask = 2147483647;
			files = (
			);
			runOnlyForDeploymentPostprocessing = 0;
		};
		7F082134303F451B006328AB /* Sources */ = {
			isa = PBXSourcesBuildPhase;
			buildActionMask = 2147483647;
			files = (
			);
			runOnlyForDeploymentPostprocessing = 0;
		};
		7F08213E303F451B006328AB /* Sources */ = {
			isa = PBXSourcesBuildPhase;
			buildActionMask = 2147483647;
			files = (
			);
			runOnlyForDeploymentPostprocessing = 0;
		};
/* End PBXSourcesBuildPhase section */

/* Begin PBXTargetDependency section */
		7F08213A303F451B006328AB /* PBXTargetDependency */ = {
			isa = PBXTargetDependency;
			target = 7F08212A303F4518006328AB /* lily */;
			targetProxy = 7F082139303F451B006328AB /* PBXContainerItemProxy */;
		};
		7F082144303F451B006328AB /* PBXTargetDependency */ = {
			isa = PBXTargetDependency;
			target = 7F08212A303F4518006328AB /* lily */;
			targetProxy = 7F082143303F451B006328AB /* PBXContainerItemProxy */;
		};
/* End PBXTargetDependency section */

/* Begin XCBuildConfiguration section */
		7F08214A303F451B006328AB /* Debug */ = {
			isa = XCBuildConfiguration;
			buildSettings = {
				ALWAYS_SEARCH_USER_PATHS = NO;
				ASSETCATALOG_COMPILER_GENERATE_SWIFT_ASSET_SYMBOL_EXTENSIONS = YES;
				CLANG_ANALYZER_NONNULL = YES;
				CLANG_ANALYZER_NUMBER_OBJECT_CONVERSION = YES_AGGRESSIVE;
				CLANG_CXX_LANGUAGE_STANDARD = "gnu++20";
				CLANG_ENABLE_MODULES = YES;
				CLANG_ENABLE_OBJC_ARC = YES;
				CLANG_ENABLE_OBJC_WEAK = YES;
				CLANG_WARN_BLOCK_CAPTURE_AUTORELEASING = YES;
				CLANG_WARN_BOOL_CONVERSION = YES;
				CLANG_WARN_COMMA = YES;
				CLANG_WARN_CONSTANT_CONVERSION = YES;
				CLANG_WARN_DEPRECATED_OBJC_IMPLEMENTATIONS = YES;
				CLANG_WARN_DIRECT_OBJC_ISA_USAGE = YES_ERROR;
				CLANG_WARN_DOCUMENTATION_COMMENTS = YES;
				CLANG_WARN_EMPTY_BODY = YES;
				CLANG_WARN_ENUM_CONVERSION = YES;
				CLANG_WARN_INFINITE_RECURSION = YES;
				CLANG_WARN_INT_CONVERSION = YES;
				CLANG_WARN_NON_LITERAL_NULL_CONVERSION = YES;
				CLANG_WARN_OBJC_IMPLICIT_RETAIN_SELF = YES;
				CLANG_WARN_OBJC_LITERAL_CONVERSION = YES;
				CLANG_WARN_OBJC_ROOT_CLASS = YES_ERROR;
				CLANG_WARN_QUOTED_INCLUDE_IN_FRAMEWORK_HEADER = YES;
				CLANG_WARN_RANGE_LOOP_ANALYSIS = YES;
				CLANG_WARN_STRICT_PROTOTYPES = YES;
				CLANG_WARN_SUSPICIOUS_MOVE = YES;
				CLANG_WARN_UNGUARDED_AVAILABILITY = YES_AGGRESSIVE;
				CLANG_WARN_UNREACHABLE_CODE = YES;
				CLANG_WARN__DUPLICATE_METHOD_MATCH = YES;
				COPY_PHASE_STRIP = NO;
				DEBUG_INFORMATION_FORMAT = dwarf;
				ENABLE_STRICT_OBJC_MSGSEND = YES;
				ENABLE_TESTABILITY = YES;
				ENABLE_USER_SCRIPT_SANDBOXING = YES;
				GCC_C_LANGUAGE_STANDARD = gnu17;
				GCC_DYNAMIC_NO_PIC = NO;
				GCC_NO_COMMON_BLOCKS = YES;
				GCC_OPTIMIZATION_LEVEL = 0;
				GCC_PREPROCESSOR_DEFINITIONS = (
					"DEBUG=1",
					"$(inherited)",
				);
				GCC_WARN_64_TO_32_BIT_CONVERSION = YES;
				GCC_WARN_ABOUT_RETURN_TYPE = YES_ERROR;
				GCC_WARN_UNDECLARED_SELECTOR = YES;
				GCC_WARN_UNINITIALIZED_AUTOS = YES_AGGRESSIVE;
				GCC_WARN_UNUSED_FUNCTION = YES;
				GCC_WARN_UNUSED_VARIABLE = YES;
				IPHONEOS_DEPLOYMENT_TARGET = 26.5;
				LOCALIZATION_PREFERS_STRING_CATALOGS = YES;
				MTL_ENABLE_DEBUG_INFO = INCLUDE_SOURCE;
				MTL_FAST_MATH = YES;
				ONLY_ACTIVE_ARCH = YES;
				SDKROOT = iphoneos;
				SWIFT_ACTIVE_COMPILATION_CONDITIONS = "DEBUG $(inherited)";
				SWIFT_OPTIMIZATION_LEVEL = "-Onone";
			};
			name = Debug;
		};
		7F08214B303F451B006328AB /* Release */ = {
			isa = XCBuildConfiguration;
			buildSettings = {
				ALWAYS_SEARCH_USER_PATHS = NO;
				ASSETCATALOG_COMPILER_GENERATE_SWIFT_ASSET_SYMBOL_EXTENSIONS = YES;
				CLANG_ANALYZER_NONNULL = YES;
				CLANG_ANALYZER_NUMBER_OBJECT_CONVERSION = YES_AGGRESSIVE;
				CLANG_CXX_LANGUAGE_STANDARD = "gnu++20";
				CLANG_ENABLE_MODULES = YES;
				CLANG_ENABLE_OBJC_ARC = YES;
				CLANG_ENABLE_OBJC_WEAK = YES;
				CLANG_WARN_BLOCK_CAPTURE_AUTORELEASING = YES;
				CLANG_WARN_BOOL_CONVERSION = YES;
				CLANG_WARN_COMMA = YES;
				CLANG_WARN_CONSTANT_CONVERSION = YES;
				CLANG_WARN_DEPRECATED_OBJC_IMPLEMENTATIONS = YES;
				CLANG_WARN_DIRECT_OBJC_ISA_USAGE = YES_ERROR;
				CLANG_WARN_DOCUMENTATION_COMMENTS = YES;
				CLANG_WARN_EMPTY_BODY = YES;
				CLANG_WARN_ENUM_CONVERSION = YES;
				CLANG_WARN_INFINITE_RECURSION = YES;
				CLANG_WARN_INT_CONVERSION = YES;
				CLANG_WARN_NON_LITERAL_NULL_CONVERSION = YES;
				CLANG_WARN_OBJC_IMPLICIT_RETAIN_SELF = YES;
				CLANG_WARN_OBJC_LITERAL_CONVERSION = YES;
				CLANG_WARN_OBJC_ROOT_CLASS = YES_ERROR;
				CLANG_WARN_QUOTED_INCLUDE_IN_FRAMEWORK_HEADER = YES;
				CLANG_WARN_RANGE_LOOP_ANALYSIS = YES;
				CLANG_WARN_STRICT_PROTOTYPES = YES;
				CLANG_WARN_SUSPICIOUS_MOVE = YES;
				CLANG_WARN_UNGUARDED_AVAILABILITY = YES_AGGRESSIVE;
				CLANG_WARN_UNREACHABLE_CODE = YES;
				CLANG_WARN__DUPLICATE_METHOD_MATCH = YES;
				COPY_PHASE_STRIP = NO;
				DEBUG_INFORMATION_FORMAT = "dwarf-with-dsym";
				ENABLE_NS_ASSERTIONS = NO;
				ENABLE_STRICT_OBJC_MSGSEND = YES;
				ENABLE_USER_SCRIPT_SANDBOXING = YES;
				GCC_C_LANGUAGE_STANDARD = gnu17;
				GCC_NO_COMMON_BLOCKS = YES;
				GCC_WARN_64_TO_32_BIT_CONVERSION = YES;
				GCC_WARN_ABOUT_RETURN_TYPE = YES_ERROR;
				GCC_WARN_UNDECLARED_SELECTOR = YES;
				GCC_WARN_UNINITIALIZED_AUTOS = YES_AGGRESSIVE;
				GCC_WARN_UNUSED_FUNCTION = YES;
				GCC_WARN_UNUSED_VARIABLE = YES;
				IPHONEOS_DEPLOYMENT_TARGET = 26.5;
				LOCALIZATION_PREFERS_STRING_CATALOGS = YES;
				MTL_ENABLE_DEBUG_INFO = NO;
				MTL_FAST_MATH = YES;
				SDKROOT = iphoneos;
				SWIFT_COMPILATION_MODE = wholemodule;
				VALIDATE_PRODUCT = YES;
			};
			name = Release;
		};
		7F08214D303F451B006328AB /* Debug */ = {
			isa = XCBuildConfiguration;
			buildSettings = {
				ASSETCATALOG_COMPILER_APPICON_NAME = AppIcon;
				ASSETCATALOG_COMPILER_GLOBAL_ACCENT_COLOR_NAME = AccentColor;
				CODE_SIGN_STYLE = Automatic;
				CURRENT_PROJECT_VERSION = 1;
				ENABLE_PREVIEWS = YES;
				GENERATE_INFOPLIST_FILE = YES;
				INFOPLIST_KEY_NSLocationWhenInUseUsageDescription = "Lily shows games near you and how far away they are.";
				INFOPLIST_KEY_UIApplicationSceneManifest_Generation = YES;
				INFOPLIST_KEY_UIApplicationSupportsIndirectInputEvents = YES;
				INFOPLIST_KEY_UILaunchScreen_Generation = YES;
				INFOPLIST_KEY_UISupportedInterfaceOrientations_iPad = "UIInterfaceOrientationPortrait UIInterfaceOrientationPortraitUpsideDown UIInterfaceOrientationLandscapeLeft UIInterfaceOrientationLandscapeRight";
				INFOPLIST_KEY_UISupportedInterfaceOrientations_iPhone = "UIInterfaceOrientationPortrait UIInterfaceOrientationLandscapeLeft UIInterfaceOrientationLandscapeRight";
				LD_RUNPATH_SEARCH_PATHS = (
					"$(inherited)",
					"@executable_path/Frameworks",
				);
				MARKETING_VERSION = 1.0;
				PRODUCT_BUNDLE_IDENTIFIER = iris.lily;
				PRODUCT_NAME = "$(TARGET_NAME)";
				STRING_CATALOG_GENERATE_SYMBOLS = YES;
				SWIFT_APPROACHABLE_CONCURRENCY = YES;
				SWIFT_DEFAULT_ACTOR_ISOLATION = MainActor;
				SWIFT_EMIT_LOC_STRINGS = YES;
				SWIFT_UPCOMING_FEATURE_MEMBER_IMPORT_VISIBILITY = YES;
				SWIFT_VERSION = 5.0;
				TARGETED_DEVICE_FAMILY = "1,2";
			};
			name = Debug;
		};
		7F08214E303F451B006328AB /* Release */ = {
			isa = XCBuildConfiguration;
			buildSettings = {
				ASSETCATALOG_COMPILER_APPICON_NAME = AppIcon;
				ASSETCATALOG_COMPILER_GLOBAL_ACCENT_COLOR_NAME = AccentColor;
				CODE_SIGN_STYLE = Automatic;
				CURRENT_PROJECT_VERSION = 1;
				ENABLE_PREVIEWS = YES;
				GENERATE_INFOPLIST_FILE = YES;
				INFOPLIST_KEY_NSLocationWhenInUseUsageDescription = "Lily shows games near you and how far away they are.";
				INFOPLIST_KEY_UIApplicationSceneManifest_Generation = YES;
				INFOPLIST_KEY_UIApplicationSupportsIndirectInputEvents = YES;
				INFOPLIST_KEY_UILaunchScreen_Generation = YES;
				INFOPLIST_KEY_UISupportedInterfaceOrientations_iPad = "UIInterfaceOrientationPortrait UIInterfaceOrientationPortraitUpsideDown UIInterfaceOrientationLandscapeLeft UIInterfaceOrientationLandscapeRight";
				INFOPLIST_KEY_UISupportedInterfaceOrientations_iPhone = "UIInterfaceOrientationPortrait UIInterfaceOrientationLandscapeLeft UIInterfaceOrientationLandscapeRight";
				LD_RUNPATH_SEARCH_PATHS = (
					"$(inherited)",
					"@executable_path/Frameworks",
				);
				MARKETING_VERSION = 1.0;
				PRODUCT_BUNDLE_IDENTIFIER = iris.lily;
				PRODUCT_NAME = "$(TARGET_NAME)";
				STRING_CATALOG_GENERATE_SYMBOLS = YES;
				SWIFT_APPROACHABLE_CONCURRENCY = YES;
				SWIFT_DEFAULT_ACTOR_ISOLATION = MainActor;
				SWIFT_EMIT_LOC_STRINGS = YES;
				SWIFT_UPCOMING_FEATURE_MEMBER_IMPORT_VISIBILITY = YES;
				SWIFT_VERSION = 5.0;
				TARGETED_DEVICE_FAMILY = "1,2";
			};
			name = Release;
		};
		7F082150303F451B006328AB /* Debug */ = {
			isa = XCBuildConfiguration;
			buildSettings = {
				BUNDLE_LOADER = "$(TEST_HOST)";
				CODE_SIGN_STYLE = Automatic;
				CURRENT_PROJECT_VERSION = 1;
				GENERATE_INFOPLIST_FILE = YES;
				IPHONEOS_DEPLOYMENT_TARGET = 26.5;
				MARKETING_VERSION = 1.0;
				PRODUCT_BUNDLE_IDENTIFIER = iris.lilyTests;
				PRODUCT_NAME = "$(TARGET_NAME)";
				STRING_CATALOG_GENERATE_SYMBOLS = NO;
				SWIFT_APPROACHABLE_CONCURRENCY = YES;
				SWIFT_EMIT_LOC_STRINGS = NO;
				SWIFT_UPCOMING_FEATURE_MEMBER_IMPORT_VISIBILITY = YES;
				SWIFT_VERSION = 5.0;
				TARGETED_DEVICE_FAMILY = "1,2";
				TEST_HOST = "$(BUILT_PRODUCTS_DIR)/lily.app/$(BUNDLE_EXECUTABLE_FOLDER_PATH)/lily";
			};
			name = Debug;
		};
		7F082151303F451B006328AB /* Release */ = {
			isa = XCBuildConfiguration;
			buildSettings = {
				BUNDLE_LOADER = "$(TEST_HOST)";
				CODE_SIGN_STYLE = Automatic;
				CURRENT_PROJECT_VERSION = 1;
				GENERATE_INFOPLIST_FILE = YES;
				IPHONEOS_DEPLOYMENT_TARGET = 26.5;
				MARKETING_VERSION = 1.0;
				PRODUCT_BUNDLE_IDENTIFIER = iris.lilyTests;
				PRODUCT_NAME = "$(TARGET_NAME)";
				STRING_CATALOG_GENERATE_SYMBOLS = NO;
				SWIFT_APPROACHABLE_CONCURRENCY = YES;
				SWIFT_EMIT_LOC_STRINGS = NO;
				SWIFT_UPCOMING_FEATURE_MEMBER_IMPORT_VISIBILITY = YES;
				SWIFT_VERSION = 5.0;
				TARGETED_DEVICE_FAMILY = "1,2";
				TEST_HOST = "$(BUILT_PRODUCTS_DIR)/lily.app/$(BUNDLE_EXECUTABLE_FOLDER_PATH)/lily";
			};
			name = Release;
		};
		7F082153303F451B006328AB /* Debug */ = {
			isa = XCBuildConfiguration;
			buildSettings = {
				CODE_SIGN_STYLE = Automatic;
				CURRENT_PROJECT_VERSION = 1;
				GENERATE_INFOPLIST_FILE = YES;
				MARKETING_VERSION = 1.0;
				PRODUCT_BUNDLE_IDENTIFIER = iris.lilyUITests;
				PRODUCT_NAME = "$(TARGET_NAME)";
				STRING_CATALOG_GENERATE_SYMBOLS = NO;
				SWIFT_APPROACHABLE_CONCURRENCY = YES;
				SWIFT_EMIT_LOC_STRINGS = NO;
				SWIFT_UPCOMING_FEATURE_MEMBER_IMPORT_VISIBILITY = YES;
				SWIFT_VERSION = 5.0;
				TARGETED_DEVICE_FAMILY = "1,2";
				TEST_TARGET_NAME = lily;
			};
			name = Debug;
		};
		7F082154303F451B006328AB /* Release */ = {
			isa = XCBuildConfiguration;
			buildSettings = {
				CODE_SIGN_STYLE = Automatic;
				CURRENT_PROJECT_VERSION = 1;
				GENERATE_INFOPLIST_FILE = YES;
				MARKETING_VERSION = 1.0;
				PRODUCT_BUNDLE_IDENTIFIER = iris.lilyUITests;
				PRODUCT_NAME = "$(TARGET_NAME)";
				STRING_CATALOG_GENERATE_SYMBOLS = NO;
				SWIFT_APPROACHABLE_CONCURRENCY = YES;
				SWIFT_EMIT_LOC_STRINGS = NO;
				SWIFT_UPCOMING_FEATURE_MEMBER_IMPORT_VISIBILITY = YES;
				SWIFT_VERSION = 5.0;
				TARGETED_DEVICE_FAMILY = "1,2";
				TEST_TARGET_NAME = lily;
			};
			name = Release;
		};
/* End XCBuildConfiguration section */

/* Begin XCConfigurationList section */
		7F082126303F4518006328AB /* Build configuration list for PBXProject "lily" */ = {
			isa = XCConfigurationList;
			buildConfigurations = (
				7F08214A303F451B006328AB /* Debug */,
				7F08214B303F451B006328AB /* Release */,
			);
			defaultConfigurationIsVisible = 0;
			defaultConfigurationName = Release;
		};
		7F08214C303F451B006328AB /* Build configuration list for PBXNativeTarget "lily" */ = {
			isa = XCConfigurationList;
			buildConfigurations = (
				7F08214D303F451B006328AB /* Debug */,
				7F08214E303F451B006328AB /* Release */,
			);
			defaultConfigurationIsVisible = 0;
			defaultConfigurationName = Release;
		};
		7F08214F303F451B006328AB /* Build configuration list for PBXNativeTarget "lilyTests" */ = {
			isa = XCConfigurationList;
			buildConfigurations = (
				7F082150303F451B006328AB /* Debug */,
				7F082151303F451B006328AB /* Release */,
			);
			defaultConfigurationIsVisible = 0;
			defaultConfigurationName = Release;
		};
		7F082152303F451B006328AB /* Build configuration list for PBXNativeTarget "lilyUITests" */ = {
			isa = XCConfigurationList;
			buildConfigurations = (
				7F082153303F451B006328AB /* Debug */,
				7F082154303F451B006328AB /* Release */,
			);
			defaultConfigurationIsVisible = 0;
			defaultConfigurationName = Release;
		};
/* End XCConfigurationList section */
	};
	rootObject = 7F082123303F4518006328AB /* Project object */;
}
